
Microsoft Visual Studio Solution File, Format Version 12.00
# Visual Studio Version 16
VisualStudioVersion = 16.0.29215.179
MinimumVisualStudioVersion = 10.0.40219.1
Project("{FAE04EC0-301F-11D3-BF4B-00C04F79EFBC}") = "WebApplication_Brajesh_Demo", "WebApplication_Brajesh_Demo.csproj", "{146E3BFB-DBAF-4BF9-8966-1B696D6770CC}"
EndProject
Global
	GlobalSection(SolutionConfigurationPlatforms) = preSolution
		Debug|Any CPU = Debug|Any CPU
		Release|Any CPU = Release|Any CPU
	EndGlobalSection
	GlobalSection(ProjectConfigurationPlatforms) = postSolution
		{146E3BFB-DBAF-4BF9-8966-1B696D6770CC}.Debug|Any CPU.ActiveCfg = Debug|Any CPU
		{146E3BFB-DBAF-4BF9-8966-1B696D6770CC}.Debug|Any CPU.Build.0 = Debug|Any CPU
		{146E3BFB-DBAF-4BF9-8966-1B696D6770CC}.Release|Any CPU.ActiveCfg = Release|Any CPU
		{146E3BFB-DBAF-4BF9-8966-1B696D6770CC}.Release|Any CPU.Build.0 = Release|Any CPU
	EndGlobalSection
	GlobalSection(SolutionProperties) = preSolution
		HideSolutionNode = FALSE
	EndGlobalSection
	GlobalSection(ExtensibilityGlobals) = postSolution
		SolutionGuid = {3FE102F6-A09D-48BF-BC86-E29BB4B0758F}
	EndGlobalSection
EndGlobal
